
Microsoft Visual Studio Solution File, Format Version 12.00
# Visual Studio Version 17
VisualStudioVersion = 17.5.33424.131
MinimumVisualStudioVersion = 10.0.40219.1
Project("{FAE04EC0-301F-11D3-BF4B-00C04F79EFBC}") = "teamtreats-webapp", "teamtreats-webapp.csproj", "{DDD51535-1EBE-49F8-9700-FCF003D58197}"
EndProject
Global
	GlobalSection(SolutionConfigurationPlatforms) = preSolution
		Debug|Any CPU = Debug|Any CPU
		Release|Any CPU = Release|Any CPU
	EndGlobalSection
	GlobalSection(ProjectConfigurationPlatforms) = postSolution
		{DDD51535-1EBE-49F8-9700-FCF003D58197}.Debug|Any CPU.ActiveCfg = Debug|Any CPU
		{DDD51535-1EBE-49F8-9700-FCF003D58197}.Debug|Any CPU.Build.0 = Debug|Any CPU
		{DDD51535-1EBE-49F8-9700-FCF003D58197}.Release|Any CPU.ActiveCfg = Release|Any CPU
		{DDD51535-1EBE-49F8-9700-FCF003D58197}.Release|Any CPU.Build.0 = Release|Any CPU
	EndGlobalSection
	GlobalSection(SolutionProperties) = preSolution
		HideSolutionNode = FALSE
	EndGlobalSection
	GlobalSection(ExtensibilityGlobals) = postSolution
		SolutionGuid = {793A5D17-49BE-467B-A146-48CF4612C208}
	EndGlobalSection
EndGlobal
